
Microsoft Visual Studio Solution File, Format Version 12.00
# Visual Studio Version 16
VisualStudioVersion = 16.0.30225.117
MinimumVisualStudioVersion = 10.0.40219.1
Project("{FAE04EC0-301F-11D3-BF4B-00C04F79EFBC}") = "CallForCodeApi", "CallForCodeApi.csproj", "{E79242BE-5608-4281-8783-AB45EEB7382A}"
EndProject
Global
	GlobalSection(SolutionConfigurationPlatforms) = preSolution
		Debug|Any CPU = Debug|Any CPU
		Release|Any CPU = Release|Any CPU
	EndGlobalSection
	GlobalSection(ProjectConfigurationPlatforms) = postSolution
		{E79242BE-5608-4281-8783-AB45EEB7382A}.Debug|Any CPU.ActiveCfg = Debug|Any CPU
		{E79242BE-5608-4281-8783-AB45EEB7382A}.Debug|Any CPU.Build.0 = Debug|Any CPU
		{E79242BE-5608-4281-8783-AB45EEB7382A}.Release|Any CPU.ActiveCfg = Release|Any CPU
		{E79242BE-5608-4281-8783-AB45EEB7382A}.Release|Any CPU.Build.0 = Release|Any CPU
	EndGlobalSection
	GlobalSection(SolutionProperties) = preSolution
		HideSolutionNode = FALSE
	EndGlobalSection
	GlobalSection(ExtensibilityGlobals) = postSolution
		SolutionGuid = {40760F7C-DD21-41CC-8CEF-FACA1A61205B}
	EndGlobalSection
EndGlobal
